uuid: 12c146a6-5a3b-4443-b19b-7ac836c2bd38
langcode: en
status: true
dependencies:
  module:
    - block_content
    - paragraphs
id: paragraph.field_block
field_name: field_block
entity_type: paragraph
type: entity_reference
settings:
  target_type: block_content
module: core
locked: false
cardinality: 1
translatable: true
indexes: {  }
persist_with_no_fields: false
custom_storage: false
