uuid: 9a8a56c0-a809-47f6-84c7-a9b739ad15fb
langcode: en
status: true
dependencies:
  config:
    - block_content.type.section_block
  module:
    - content_translation
third_party_settings:
  content_translation:
    enabled: true
    bundle_settings:
      untranslatable_fields_hide: '0'
id: block_content.section_block
target_entity_type_id: block_content
target_bundle: section_block
default_langcode: site_default
language_alterable: true
