uuid: 6eec179b-838e-4c51-8eb6-928733ca23e6
langcode: en
status: true
dependencies:
  content:
    - 'file:file:0b54090c-0527-4eb6-89cb-6f4a8afe8b51'
  module:
    - layout_paragraphs
id: section_block
label: 'Section Block'
icon_uuid: 0b54090c-0527-4eb6-89cb-6f4a8afe8b51
icon_default: 'data:image/svg+xml;base64,PHN2ZyB4bWxucz0iaHR0cDovL3d3dy53My5vcmcvMjAwMC9zdmciIHZpZXdCb3g9IjAgMCA0NDggNTEyIj48IS0tISBGb250IEF3ZXNvbWUgUHJvIDYuMS4xIGJ5IEBmb250YXdlc29tZSAtIGh0dHBzOi8vZm9udGF3ZXNvbWUuY29tIExpY2Vuc2UgLSBodHRwczovL2ZvbnRhd2Vzb21lLmNvbS9saWNlbnNlIChDb21tZXJjaWFsIExpY2Vuc2UpIENvcHlyaWdodCAyMDIyIEZvbnRpY29ucywgSW5jLi0tPjxwYXRoIGQ9Ik0xMTIgMTIwYzAgMTMuMy0xMC43IDI0LTI0IDI0LTEzLjI1IDAtMjQtMTAuNy0yNC0yNHMxMC43NS0yNCAyNC0yNGMxMy4zIDAgMjQgMTAuNyAyNCAyNHptMjI0IDBjMC0xMy4zIDEwLjctMjQgMjQtMjRzMjQgMTAuNyAyNCAyNC0xMC43IDI0LTI0IDI0LTI0LTEwLjctMjQtMjR6TTExMiAzOTJjMCAxMy4zLTEwLjcgMjQtMjQgMjQtMTMuMjUgMC0yNC0xMC43LTI0LTI0czEwLjc1LTI0IDI0LTI0YzEzLjMgMCAyNCAxMC43IDI0IDI0em0yMjQgMGMwLTEzLjMgMTAuNy0yNCAyNC0yNHMyNCAxMC43IDI0IDI0LTEwLjcgMjQtMjQgMjQtMjQtMTAuNy0yNC0yNHptNDgtMzYwYzM1LjMgMCA2NCAyOC42NSA2NCA2NHYzMjBjMCAzNS4zLTI4LjcgNjQtNjQgNjRINjRjLTM1LjM1IDAtNjQtMjguNy02NC02NFY5NmMwLTM1LjM1IDI4LjY1LTY0IDY0LTY0aDMyMHptMCA0OEg2NGMtOC44NCAwLTE2IDcuMTYtMTYgMTZ2MzIwYzAgOC44IDcuMTYgMTYgMTYgMTZoMzIwYzguOCAwIDE2LTcuMiAxNi0xNlY5NmMwLTguODQtNy4yLTE2LTE2LTE2eiIvPjwvc3ZnPg=='
description: 'Component: A component to embed a Drupal "Section Block".'
behavior_plugins:
  layout_paragraphs:
    enabled: true
    available_layouts:
      section_block: 'Section Block'
